
Microsoft Visual Studio Solution File, Format Version 12.00
# Visual Studio Version 16
VisualStudioVersion = 16.0.28803.156
MinimumVisualStudioVersion = 10.0.40219.1
Project("{9A19103F-16F7-4668-BE54-9A1E7A4F7556}") = "EasySharpStandard", "Standard\EasySharpStandard\EasySharpStandard.csproj", "{E4DECFA5-912D-4C5A-9C69-AFAABA2B0556}"
EndProject
Project("{9A19103F-16F7-4668-BE54-9A1E7A4F7556}") = "EasySharpStandardConsole", "Standard\EasySharpStandardConsole\EasySharpStandardConsole.csproj", "{DC532004-ACAE-445B-BDB1-C48620840690}"
EndProject
Project("{FAE04EC0-301F-11D3-BF4B-00C04F79EFBC}") = "EasySharpWpf", "WPF\EasySharpWpf.csproj", "{753D4463-7735-4478-93FB-34D6C4804486}"
EndProject
Project("{FAE04EC0-301F-11D3-BF4B-00C04F79EFBC}") = "EasySharpStandardConsoleTest", "Standard\EasySharpStandardConsoleTest\EasySharpStandardConsoleTest.csproj", "{636699A0-51E8-4251-9BB9-9B1A7C445063}"
EndProject
Project("{9A19103F-16F7-4668-BE54-9A1E7A4F7556}") = "EashSharpStandardTestCore", "Standard\EashSharpStandardTestCore\EashSharpStandardTestCore.csproj", "{7AD03852-9198-429F-AFC0-38AED5E9772D}"
EndProject
Project("{FAE04EC0-301F-11D3-BF4B-00C04F79EFBC}") = "EasySharpWPF.Sample", "WPF.Sample\EasySharpWPF.Sample.csproj", "{4663722C-2972-4D16-81C9-5A5E7FF02F78}"
EndProject
Project("{FAE04EC0-301F-11D3-BF4B-00C04F79EFBC}") = "EasySharpXamarinForms.Android", "EasySharpXamarinForms\EasySharpXamarinForms.Android\EasySharpXamarinForms.Android.csproj", "{F7BB9710-0466-4DC6-A00B-A49B0ADA95F4}"
EndProject
Project("{FAE04EC0-301F-11D3-BF4B-00C04F79EFBC}") = "EasySharpXamarinForms.iOS", "EasySharpXamarinForms\EasySharpXamarinForms.iOS\EasySharpXamarinForms.iOS.csproj", "{831ABC1B-F0A3-4D1B-AEA5-0FB83F080241}"
EndProject
Project("{9A19103F-16F7-4668-BE54-9A1E7A4F7556}") = "EasySharpXamarinForms", "EasySharpXamarinForms\EasySharpXamarinForms\EasySharpXamarinForms.csproj", "{5A98E1B5-002A-4953-BF86-31CB244A3945}"
EndProject
Project("{9A19103F-16F7-4668-BE54-9A1E7A4F7556}") = "EasySharpStandardMvvm", "Standard\EasySharpStandardMvvm\EasySharpStandardMvvm.csproj", "{DD2602CA-756B-4205-B866-3268AF4EC71A}"
EndProject
Global
	GlobalSection(SolutionConfigurationPlatforms) = preSolution
		Debug|Any CPU = Debug|Any CPU
		Debug|iPhone = Debug|iPhone
		Debug|iPhoneSimulator = Debug|iPhoneSimulator
		Release|Any CPU = Release|Any CPU
		Release|iPhone = Release|iPhone
		Release|iPhoneSimulator = Release|iPhoneSimulator
	EndGlobalSection
	GlobalSection(ProjectConfigurationPlatforms) = postSolution
		{E4DECFA5-912D-4C5A-9C69-AFAABA2B0556}.Debug|Any CPU.ActiveCfg = Debug|Any CPU
		{E4DECFA5-912D-4C5A-9C69-AFAABA2B0556}.Debug|Any CPU.Build.0 = Debug|Any CPU
		{E4DECFA5-912D-4C5A-9C69-AFAABA2B0556}.Debug|iPhone.ActiveCfg = Debug|Any CPU
		{E4DECFA5-912D-4C5A-9C69-AFAABA2B0556}.Debug|iPhone.Build.0 = Debug|Any CPU
		{E4DECFA5-912D-4C5A-9C69-AFAABA2B0556}.Debug|iPhoneSimulator.ActiveCfg = Debug|Any CPU
		{E4DECFA5-912D-4C5A-9C69-AFAABA2B0556}.Debug|iPhoneSimulator.Build.0 = Debug|Any CPU
		{E4DECFA5-912D-4C5A-9C69-AFAABA2B0556}.Release|Any CPU.ActiveCfg = Release|Any CPU
		{E4DECFA5-912D-4C5A-9C69-AFAABA2B0556}.Release|Any CPU.Build.0 = Release|Any CPU
		{E4DECFA5-912D-4C5A-9C69-AFAABA2B0556}.Release|iPhone.ActiveCfg = Release|Any CPU
		{E4DECFA5-912D-4C5A-9C69-AFAABA2B0556}.Release|iPhone.Build.0 = Release|Any CPU
		{E4DECFA5-912D-4C5A-9C69-AFAABA2B0556}.Release|iPhoneSimulator.ActiveCfg = Release|Any CPU
		{E4DECFA5-912D-4C5A-9C69-AFAABA2B0556}.Release|iPhoneSimulator.Build.0 = Release|Any CPU
		{DC532004-ACAE-445B-BDB1-C48620840690}.Debug|Any CPU.ActiveCfg = Debug|Any CPU
		{DC532004-ACAE-445B-BDB1-C48620840690}.Debug|Any CPU.Build.0 = Debug|Any CPU
		{DC532004-ACAE-445B-BDB1-C48620840690}.Debug|iPhone.ActiveCfg = Debug|Any CPU
		{DC532004-ACAE-445B-BDB1-C48620840690}.Debug|iPhone.Build.0 = Debug|Any CPU
		{DC532004-ACAE-445B-BDB1-C48620840690}.Debug|iPhoneSimulator.ActiveCfg = Debug|Any CPU
		{DC532004-ACAE-445B-BDB1-C48620840690}.Debug|iPhoneSimulator.Build.0 = Debug|Any CPU
		{DC532004-ACAE-445B-BDB1-C48620840690}.Release|Any CPU.ActiveCfg = Release|Any CPU
		{DC532004-ACAE-445B-BDB1-C48620840690}.Release|Any CPU.Build.0 = Release|Any CPU
		{DC532004-ACAE-445B-BDB1-C48620840690}.Release|iPhone.ActiveCfg = Release|Any CPU
		{DC532004-ACAE-445B-BDB1-C48620840690}.Release|iPhone.Build.0 = Release|Any CPU
		{DC532004-ACAE-445B-BDB1-C48620840690}.Release|iPhoneSimulator.ActiveCfg = Release|Any CPU
		{DC532004-ACAE-445B-BDB1-C48620840690}.Release|iPhoneSimulator.Build.0 = Release|Any CPU
		{753D4463-7735-4478-93FB-34D6C4804486}.Debug|Any CPU.ActiveCfg = Debug|Any CPU
		{753D4463-7735-4478-93FB-34D6C4804486}.Debug|Any CPU.Build.0 = Debug|Any CPU
		{753D4463-7735-4478-93FB-34D6C4804486}.Debug|iPhone.ActiveCfg = Debug|Any CPU
		{753D4463-7735-4478-93FB-34D6C4804486}.Debug|iPhone.Build.0 = Debug|Any CPU
		{753D4463-7735-4478-93FB-34D6C4804486}.Debug|iPhoneSimulator.ActiveCfg = Debug|Any CPU
		{753D4463-7735-4478-93FB-34D6C4804486}.Debug|iPhoneSimulator.Build.0 = Debug|Any CPU
		{753D4463-7735-4478-93FB-34D6C4804486}.Release|Any CPU.ActiveCfg = Release|Any CPU
		{753D4463-7735-4478-93FB-34D6C4804486}.Release|Any CPU.Build.0 = Release|Any CPU
		{753D4463-7735-4478-93FB-34D6C4804486}.Release|iPhone.ActiveCfg = Release|Any CPU
		{753D4463-7735-4478-93FB-34D6C4804486}.Release|iPhone.Build.0 = Release|Any CPU
		{753D4463-7735-4478-93FB-34D6C4804486}.Release|iPhoneSimulator.ActiveCfg = Release|Any CPU
		{753D4463-7735-4478-93FB-34D6C4804486}.Release|iPhoneSimulator.Build.0 = Release|Any CPU
		{636699A0-51E8-4251-9BB9-9B1A7C445063}.Debug|Any CPU.ActiveCfg = Debug|Any CPU
		{636699A0-51E8-4251-9BB9-9B1A7C445063}.Debug|Any CPU.Build.0 = Debug|Any CPU
		{636699A0-51E8-4251-9BB9-9B1A7C445063}.Debug|iPhone.ActiveCfg = Debug|Any CPU
		{636699A0-51E8-4251-9BB9-9B1A7C445063}.Debug|iPhone.Build.0 = Debug|Any CPU
		{636699A0-51E8-4251-9BB9-9B1A7C445063}.Debug|iPhoneSimulator.ActiveCfg = Debug|Any CPU
		{636699A0-51E8-4251-9BB9-9B1A7C445063}.Debug|iPhoneSimulator.Build.0 = Debug|Any CPU
		{636699A0-51E8-4251-9BB9-9B1A7C445063}.Release|Any CPU.ActiveCfg = Release|Any CPU
		{636699A0-51E8-4251-9BB9-9B1A7C445063}.Release|Any CPU.Build.0 = Release|Any CPU
		{636699A0-51E8-4251-9BB9-9B1A7C445063}.Release|iPhone.ActiveCfg = Release|Any CPU
		{636699A0-51E8-4251-9BB9-9B1A7C445063}.Release|iPhone.Build.0 = Release|Any CPU
		{636699A0-51E8-4251-9BB9-9B1A7C445063}.Release|iPhoneSimulator.ActiveCfg = Release|Any CPU
		{636699A0-51E8-4251-9BB9-9B1A7C445063}.Release|iPhoneSimulator.Build.0 = Release|Any CPU
		{7AD03852-9198-429F-AFC0-38AED5E9772D}.Debug|Any CPU.ActiveCfg = Debug|Any CPU
		{7AD03852-9198-429F-AFC0-38AED5E9772D}.Debug|Any CPU.Build.0 = Debug|Any CPU
		{7AD03852-9198-429F-AFC0-38AED5E9772D}.Debug|iPhone.ActiveCfg = Debug|Any CPU
		{7AD03852-9198-429F-AFC0-38AED5E9772D}.Debug|iPhone.Build.0 = Debug|Any CPU
		{7AD03852-9198-429F-AFC0-38AED5E9772D}.Debug|iPhoneSimulator.ActiveCfg = Debug|Any CPU
		{7AD03852-9198-429F-AFC0-38AED5E9772D}.Debug|iPhoneSimulator.Build.0 = Debug|Any CPU
		{7AD03852-9198-429F-AFC0-38AED5E9772D}.Release|Any CPU.ActiveCfg = Release|Any CPU
		{7AD03852-9198-429F-AFC0-38AED5E9772D}.Release|Any CPU.Build.0 = Release|Any CPU
		{7AD03852-9198-429F-AFC0-38AED5E9772D}.Release|iPhone.ActiveCfg = Release|Any CPU
		{7AD03852-9198-429F-AFC0-38AED5E9772D}.Release|iPhone.Build.0 = Release|Any CPU
		{7AD03852-9198-429F-AFC0-38AED5E9772D}.Release|iPhoneSimulator.ActiveCfg = Release|Any CPU
		{7AD03852-9198-429F-AFC0-38AED5E9772D}.Release|iPhoneSimulator.Build.0 = Release|Any CPU
		{4663722C-2972-4D16-81C9-5A5E7FF02F78}.Debug|Any CPU.ActiveCfg = Debug|Any CPU
		{4663722C-2972-4D16-81C9-5A5E7FF02F78}.Debug|Any CPU.Build.0 = Debug|Any CPU
		{4663722C-2972-4D16-81C9-5A5E7FF02F78}.Debug|iPhone.ActiveCfg = Debug|Any CPU
		{4663722C-2972-4D16-81C9-5A5E7FF02F78}.Debug|iPhone.Build.0 = Debug|Any CPU
		{4663722C-2972-4D16-81C9-5A5E7FF02F78}.Debug|iPhoneSimulator.ActiveCfg = Debug|Any CPU
		{4663722C-2972-4D16-81C9-5A5E7FF02F78}.Debug|iPhoneSimulator.Build.0 = Debug|Any CPU
		{4663722C-2972-4D16-81C9-5A5E7FF02F78}.Release|Any CPU.ActiveCfg = Release|Any CPU
		{4663722C-2972-4D16-81C9-5A5E7FF02F78}.Release|Any CPU.Build.0 = Release|Any CPU
		{4663722C-2972-4D16-81C9-5A5E7FF02F78}.Release|iPhone.ActiveCfg = Release|Any CPU
		{4663722C-2972-4D16-81C9-5A5E7FF02F78}.Release|iPhone.Build.0 = Release|Any CPU
		{4663722C-2972-4D16-81C9-5A5E7FF02F78}.Release|iPhoneSimulator.ActiveCfg = Release|Any CPU
		{4663722C-2972-4D16-81C9-5A5E7FF02F78}.Release|iPhoneSimulator.Build.0 = Release|Any CPU
		{F7BB9710-0466-4DC6-A00B-A49B0ADA95F4}.Debug|Any CPU.ActiveCfg = Debug|Any CPU
		{F7BB9710-0466-4DC6-A00B-A49B0ADA95F4}.Debug|Any CPU.Build.0 = Debug|Any CPU
		{F7BB9710-0466-4DC6-A00B-A49B0ADA95F4}.Debug|Any CPU.Deploy.0 = Debug|Any CPU
		{F7BB9710-0466-4DC6-A00B-A49B0ADA95F4}.Debug|iPhone.ActiveCfg = Debug|Any CPU
		{F7BB9710-0466-4DC6-A00B-A49B0ADA95F4}.Debug|iPhone.Build.0 = Debug|Any CPU
		{F7BB9710-0466-4DC6-A00B-A49B0ADA95F4}.Debug|iPhone.Deploy.0 = Debug|Any CPU
		{F7BB9710-0466-4DC6-A00B-A49B0ADA95F4}.Debug|iPhoneSimulator.ActiveCfg = Debug|Any CPU
		{F7BB9710-0466-4DC6-A00B-A49B0ADA95F4}.Debug|iPhoneSimulator.Build.0 = Debug|Any CPU
		{F7BB9710-0466-4DC6-A00B-A49B0ADA95F4}.Debug|iPhoneSimulator.Deploy.0 = Debug|Any CPU
		{F7BB9710-0466-4DC6-A00B-A49B0ADA95F4}.Release|Any CPU.ActiveCfg = Release|Any CPU
		{F7BB9710-0466-4DC6-A00B-A49B0ADA95F4}.Release|Any CPU.Build.0 = Release|Any CPU
		{F7BB9710-0466-4DC6-A00B-A49B0ADA95F4}.Release|Any CPU.Deploy.0 = Release|Any CPU
		{F7BB9710-0466-4DC6-A00B-A49B0ADA95F4}.Release|iPhone.ActiveCfg = Release|Any CPU
		{F7BB9710-0466-4DC6-A00B-A49B0ADA95F4}.Release|iPhone.Build.0 = Release|Any CPU
		{F7BB9710-0466-4DC6-A00B-A49B0ADA95F4}.Release|iPhone.Deploy.0 = Release|Any CPU
		{F7BB9710-0466-4DC6-A00B-A49B0ADA95F4}.Release|iPhoneSimulator.ActiveCfg = Release|Any CPU
		{F7BB9710-0466-4DC6-A00B-A49B0ADA95F4}.Release|iPhoneSimulator.Build.0 = Release|Any CPU
		{F7BB9710-0466-4DC6-A00B-A49B0ADA95F4}.Release|iPhoneSimulator.Deploy.0 = Release|Any CPU
		{831ABC1B-F0A3-4D1B-AEA5-0FB83F080241}.Debug|Any CPU.ActiveCfg = Debug|iPhone
		{831ABC1B-F0A3-4D1B-AEA5-0FB83F080241}.Debug|iPhone.ActiveCfg = Debug|iPhone
		{831ABC1B-F0A3-4D1B-AEA5-0FB83F080241}.Debug|iPhone.Build.0 = Debug|iPhone
		{831ABC1B-F0A3-4D1B-AEA5-0FB83F080241}.Debug|iPhoneSimulator.ActiveCfg = Debug|iPhoneSimulator
		{831ABC1B-F0A3-4D1B-AEA5-0FB83F080241}.Debug|iPhoneSimulator.Build.0 = Debug|iPhoneSimulator
		{831ABC1B-F0A3-4D1B-AEA5-0FB83F080241}.Release|Any CPU.ActiveCfg = Release|iPhone
		{831ABC1B-F0A3-4D1B-AEA5-0FB83F080241}.Release|iPhone.ActiveCfg = Release|iPhone
		{831ABC1B-F0A3-4D1B-AEA5-0FB83F080241}.Release|iPhone.Build.0 = Release|iPhone
		{831ABC1B-F0A3-4D1B-AEA5-0FB83F080241}.Release|iPhoneSimulator.ActiveCfg = Release|iPhoneSimulator
		{831ABC1B-F0A3-4D1B-AEA5-0FB83F080241}.Release|iPhoneSimulator.Build.0 = Release|iPhoneSimulator
		{5A98E1B5-002A-4953-BF86-31CB244A3945}.Debug|Any CPU.ActiveCfg = Debug|Any CPU
		{5A98E1B5-002A-4953-BF86-31CB244A3945}.Debug|Any CPU.Build.0 = Debug|Any CPU
		{5A98E1B5-002A-4953-BF86-31CB244A3945}.Debug|iPhone.ActiveCfg = Debug|Any CPU
		{5A98E1B5-002A-4953-BF86-31CB244A3945}.Debug|iPhone.Build.0 = Debug|Any CPU
		{5A98E1B5-002A-4953-BF86-31CB244A3945}.Debug|iPhoneSimulator.ActiveCfg = Debug|Any CPU
		{5A98E1B5-002A-4953-BF86-31CB244A3945}.Debug|iPhoneSimulator.Build.0 = Debug|Any CPU
		{5A98E1B5-002A-4953-BF86-31CB244A3945}.Release|Any CPU.ActiveCfg = Release|Any CPU
		{5A98E1B5-002A-4953-BF86-31CB244A3945}.Release|Any CPU.Build.0 = Release|Any CPU
		{5A98E1B5-002A-4953-BF86-31CB244A3945}.Release|iPhone.ActiveCfg = Release|Any CPU
		{5A98E1B5-002A-4953-BF86-31CB244A3945}.Release|iPhone.Build.0 = Release|Any CPU
		{5A98E1B5-002A-4953-BF86-31CB244A3945}.Release|iPhoneSimulator.ActiveCfg = Release|Any CPU
		{5A98E1B5-002A-4953-BF86-31CB244A3945}.Release|iPhoneSimulator.Build.0 = Release|Any CPU
		{DD2602CA-756B-4205-B866-3268AF4EC71A}.Debug|Any CPU.ActiveCfg = Debug|Any CPU
		{DD2602CA-756B-4205-B866-3268AF4EC71A}.Debug|Any CPU.Build.0 = Debug|Any CPU
		{DD2602CA-756B-4205-B866-3268AF4EC71A}.Debug|iPhone.ActiveCfg = Debug|Any CPU
		{DD2602CA-756B-4205-B866-3268AF4EC71A}.Debug|iPhone.Build.0 = Debug|Any CPU
		{DD2602CA-756B-4205-B866-3268AF4EC71A}.Debug|iPhoneSimulator.ActiveCfg = Debug|Any CPU
		{DD2602CA-756B-4205-B866-3268AF4EC71A}.Debug|iPhoneSimulator.Build.0 = Debug|Any CPU
		{DD2602CA-756B-4205-B866-3268AF4EC71A}.Release|Any CPU.ActiveCfg = Release|Any CPU
		{DD2602CA-756B-4205-B866-3268AF4EC71A}.Release|Any CPU.Build.0 = Release|Any CPU
		{DD2602CA-756B-4205-B866-3268AF4EC71A}.Release|iPhone.ActiveCfg = Release|Any CPU
		{DD2602CA-756B-4205-B866-3268AF4EC71A}.Release|iPhone.Build.0 = Release|Any CPU
		{DD2602CA-756B-4205-B866-3268AF4EC71A}.Release|iPhoneSimulator.ActiveCfg = Release|Any CPU
		{DD2602CA-756B-4205-B866-3268AF4EC71A}.Release|iPhoneSimulator.Build.0 = Release|Any CPU
	EndGlobalSection
	GlobalSection(SolutionProperties) = preSolution
		HideSolutionNode = FALSE
	EndGlobalSection
	GlobalSection(ExtensibilityGlobals) = postSolution
		SolutionGuid = {0C84296E-80D2-4A53-87AD-3D1906544ABB}
	EndGlobalSection
EndGlobal
