
Microsoft Visual Studio Solution File, Format Version 12.00
# Visual Studio Version 16
VisualStudioVersion = 16.0.28803.156
MinimumVisualStudioVersion = 10.0.40219.1
Project("{9A19103F-16F7-4668-BE54-9A1E7A4F7556}") = "EasySharpStandardConsole", "Standard\EasySharpStandardConsole\EasySharpStandardConsole.csproj", "{DC532004-ACAE-445B-BDB1-C48620840690}"
EndProject
Project("{FAE04EC0-301F-11D3-BF4B-00C04F79EFBC}") = "EasySharpWpf", "WPF\EasySharpWpf.csproj", "{753D4463-7735-4478-93FB-34D6C4804486}"
EndProject
Project("{FAE04EC0-301F-11D3-BF4B-00C04F79EFBC}") = "EasySharpStandardConsoleTest", "Standard\EasySharpStandardConsoleTest\EasySharpStandardConsoleTest.csproj", "{636699A0-51E8-4251-9BB9-9B1A7C445063}"
EndProject
Project("{9A19103F-16F7-4668-BE54-9A1E7A4F7556}") = "EasySharpStandardMvvm", "Standard\EasySharpStandardMvvm\EasySharpStandardMvvm.csproj", "{DD2602CA-756B-4205-B866-3268AF4EC71A}"
EndProject
Project("{9A19103F-16F7-4668-BE54-9A1E7A4F7556}") = "EasySharpXamarinForms", "EasySharpXamarinForms\EasySharpXamarinForms.csproj", "{8CF5CCA4-6114-4F55-86BA-857D4E278FF3}"
EndProject
Project("{9A19103F-16F7-4668-BE54-9A1E7A4F7556}") = "EasySharpStandard.Sample", "EasySharp.Sample\EasySharpStandard.Sample.csproj", "{42E31F7A-7244-40B9-9B36-58504E9A28C0}"
EndProject
Project("{9A19103F-16F7-4668-BE54-9A1E7A4F7556}") = "EasySharpStandardTestCore", "Standard\EasySharpStandardTestCore\EasySharpStandardTestCore.csproj", "{9629ACA1-D179-48B0-A9D5-E2000C1E5248}"
EndProject
Project("{FAE04EC0-301F-11D3-BF4B-00C04F79EFBC}") = "AppInstaller", "Applications\NetFramework\Console\AppInstaller\AppInstaller.csproj", "{08900573-9B9F-4078-8E9C-9651890D3859}"
EndProject
Project("{FAE04EC0-301F-11D3-BF4B-00C04F79EFBC}") = "AppInstaller.Test", "AppInstaller.Test\AppInstaller.Test.csproj", "{F79109CD-D17E-4D36-A1C8-577797D429C9}"
EndProject
Project("{9A19103F-16F7-4668-BE54-9A1E7A4F7556}") = "EasySharpCoreWpfLibrary", "EasySharpCoreWpfLibrary\EasySharpCoreWpfLibrary.csproj", "{C29948DD-FCB1-45AB-9721-6EE9B9843EF8}"
EndProject
Project("{9A19103F-16F7-4668-BE54-9A1E7A4F7556}") = "EasySharpStandard.Win", "Standard\EasySharpStandard.Win\EasySharpStandard.Win.csproj", "{97FEB10F-62D9-41ED-844C-8B56679CCD66}"
EndProject
Project("{9A19103F-16F7-4668-BE54-9A1E7A4F7556}") = "EasySharpNetCore.Sample", "NetCore\EasySharpNetCore.Sample\EasySharpNetCore.Sample.csproj", "{E6BC2708-5E93-473E-9009-F9F9B747E212}"
EndProject
Project("{9A19103F-16F7-4668-BE54-9A1E7A4F7556}") = "EasySharpNetCoreWpf", "NetCore\EasySharpNetCoreWpf\EasySharpNetCoreWpf.csproj", "{F684D687-7A19-44EF-9193-9BE3EE70BE2F}"
EndProject
Project("{9A19103F-16F7-4668-BE54-9A1E7A4F7556}") = "EasySharp", "Standard\EasySharpStandard\EasySharp.csproj", "{676ABE28-3C24-46E8-83CE-60263846E30E}"
EndProject
Project("{FAE04EC0-301F-11D3-BF4B-00C04F79EFBC}") = "EasySharp.ComponentModel", "EasySharp.ComponentModel\EasySharp.ComponentModel.csproj", "{EAACC27C-7FA0-47A4-9F58-BEE1D02EB45F}"
EndProject
Global
	GlobalSection(SolutionConfigurationPlatforms) = preSolution
		Debug|Any CPU = Debug|Any CPU
		Debug|ARM = Debug|ARM
		Debug|iPhone = Debug|iPhone
		Debug|iPhoneSimulator = Debug|iPhoneSimulator
		Debug|x64 = Debug|x64
		Debug|x86 = Debug|x86
		Release|Any CPU = Release|Any CPU
		Release|ARM = Release|ARM
		Release|iPhone = Release|iPhone
		Release|iPhoneSimulator = Release|iPhoneSimulator
		Release|x64 = Release|x64
		Release|x86 = Release|x86
	EndGlobalSection
	GlobalSection(ProjectConfigurationPlatforms) = postSolution
		{DC532004-ACAE-445B-BDB1-C48620840690}.Debug|Any CPU.ActiveCfg = Debug|Any CPU
		{DC532004-ACAE-445B-BDB1-C48620840690}.Debug|Any CPU.Build.0 = Debug|Any CPU
		{DC532004-ACAE-445B-BDB1-C48620840690}.Debug|ARM.ActiveCfg = Debug|Any CPU
		{DC532004-ACAE-445B-BDB1-C48620840690}.Debug|ARM.Build.0 = Debug|Any CPU
		{DC532004-ACAE-445B-BDB1-C48620840690}.Debug|iPhone.ActiveCfg = Debug|Any CPU
		{DC532004-ACAE-445B-BDB1-C48620840690}.Debug|iPhone.Build.0 = Debug|Any CPU
		{DC532004-ACAE-445B-BDB1-C48620840690}.Debug|iPhoneSimulator.ActiveCfg = Debug|Any CPU
		{DC532004-ACAE-445B-BDB1-C48620840690}.Debug|iPhoneSimulator.Build.0 = Debug|Any CPU
		{DC532004-ACAE-445B-BDB1-C48620840690}.Debug|x64.ActiveCfg = Debug|Any CPU
		{DC532004-ACAE-445B-BDB1-C48620840690}.Debug|x64.Build.0 = Debug|Any CPU
		{DC532004-ACAE-445B-BDB1-C48620840690}.Debug|x86.ActiveCfg = Debug|Any CPU
		{DC532004-ACAE-445B-BDB1-C48620840690}.Debug|x86.Build.0 = Debug|Any CPU
		{DC532004-ACAE-445B-BDB1-C48620840690}.Release|Any CPU.ActiveCfg = Release|Any CPU
		{DC532004-ACAE-445B-BDB1-C48620840690}.Release|Any CPU.Build.0 = Release|Any CPU
		{DC532004-ACAE-445B-BDB1-C48620840690}.Release|ARM.ActiveCfg = Release|Any CPU
		{DC532004-ACAE-445B-BDB1-C48620840690}.Release|ARM.Build.0 = Release|Any CPU
		{DC532004-ACAE-445B-BDB1-C48620840690}.Release|iPhone.ActiveCfg = Release|Any CPU
		{DC532004-ACAE-445B-BDB1-C48620840690}.Release|iPhone.Build.0 = Release|Any CPU
		{DC532004-ACAE-445B-BDB1-C48620840690}.Release|iPhoneSimulator.ActiveCfg = Release|Any CPU
		{DC532004-ACAE-445B-BDB1-C48620840690}.Release|iPhoneSimulator.Build.0 = Release|Any CPU
		{DC532004-ACAE-445B-BDB1-C48620840690}.Release|x64.ActiveCfg = Release|Any CPU
		{DC532004-ACAE-445B-BDB1-C48620840690}.Release|x64.Build.0 = Release|Any CPU
		{DC532004-ACAE-445B-BDB1-C48620840690}.Release|x86.ActiveCfg = Release|Any CPU
		{DC532004-ACAE-445B-BDB1-C48620840690}.Release|x86.Build.0 = Release|Any CPU
		{753D4463-7735-4478-93FB-34D6C4804486}.Debug|Any CPU.ActiveCfg = Debug|Any CPU
		{753D4463-7735-4478-93FB-34D6C4804486}.Debug|Any CPU.Build.0 = Debug|Any CPU
		{753D4463-7735-4478-93FB-34D6C4804486}.Debug|ARM.ActiveCfg = Debug|Any CPU
		{753D4463-7735-4478-93FB-34D6C4804486}.Debug|ARM.Build.0 = Debug|Any CPU
		{753D4463-7735-4478-93FB-34D6C4804486}.Debug|iPhone.ActiveCfg = Debug|Any CPU
		{753D4463-7735-4478-93FB-34D6C4804486}.Debug|iPhone.Build.0 = Debug|Any CPU
		{753D4463-7735-4478-93FB-34D6C4804486}.Debug|iPhoneSimulator.ActiveCfg = Debug|Any CPU
		{753D4463-7735-4478-93FB-34D6C4804486}.Debug|iPhoneSimulator.Build.0 = Debug|Any CPU
		{753D4463-7735-4478-93FB-34D6C4804486}.Debug|x64.ActiveCfg = Debug|Any CPU
		{753D4463-7735-4478-93FB-34D6C4804486}.Debug|x64.Build.0 = Debug|Any CPU
		{753D4463-7735-4478-93FB-34D6C4804486}.Debug|x86.ActiveCfg = Debug|Any CPU
		{753D4463-7735-4478-93FB-34D6C4804486}.Debug|x86.Build.0 = Debug|Any CPU
		{753D4463-7735-4478-93FB-34D6C4804486}.Release|Any CPU.ActiveCfg = Release|Any CPU
		{753D4463-7735-4478-93FB-34D6C4804486}.Release|Any CPU.Build.0 = Release|Any CPU
		{753D4463-7735-4478-93FB-34D6C4804486}.Release|ARM.ActiveCfg = Release|Any CPU
		{753D4463-7735-4478-93FB-34D6C4804486}.Release|ARM.Build.0 = Release|Any CPU
		{753D4463-7735-4478-93FB-34D6C4804486}.Release|iPhone.ActiveCfg = Release|Any CPU
		{753D4463-7735-4478-93FB-34D6C4804486}.Release|iPhone.Build.0 = Release|Any CPU
		{753D4463-7735-4478-93FB-34D6C4804486}.Release|iPhoneSimulator.ActiveCfg = Release|Any CPU
		{753D4463-7735-4478-93FB-34D6C4804486}.Release|iPhoneSimulator.Build.0 = Release|Any CPU
		{753D4463-7735-4478-93FB-34D6C4804486}.Release|x64.ActiveCfg = Release|Any CPU
		{753D4463-7735-4478-93FB-34D6C4804486}.Release|x64.Build.0 = Release|Any CPU
		{753D4463-7735-4478-93FB-34D6C4804486}.Release|x86.ActiveCfg = Release|Any CPU
		{753D4463-7735-4478-93FB-34D6C4804486}.Release|x86.Build.0 = Release|Any CPU
		{636699A0-51E8-4251-9BB9-9B1A7C445063}.Debug|Any CPU.ActiveCfg = Debug|Any CPU
		{636699A0-51E8-4251-9BB9-9B1A7C445063}.Debug|Any CPU.Build.0 = Debug|Any CPU
		{636699A0-51E8-4251-9BB9-9B1A7C445063}.Debug|ARM.ActiveCfg = Debug|Any CPU
		{636699A0-51E8-4251-9BB9-9B1A7C445063}.Debug|ARM.Build.0 = Debug|Any CPU
		{636699A0-51E8-4251-9BB9-9B1A7C445063}.Debug|iPhone.ActiveCfg = Debug|Any CPU
		{636699A0-51E8-4251-9BB9-9B1A7C445063}.Debug|iPhone.Build.0 = Debug|Any CPU
		{636699A0-51E8-4251-9BB9-9B1A7C445063}.Debug|iPhoneSimulator.ActiveCfg = Debug|Any CPU
		{636699A0-51E8-4251-9BB9-9B1A7C445063}.Debug|iPhoneSimulator.Build.0 = Debug|Any CPU
		{636699A0-51E8-4251-9BB9-9B1A7C445063}.Debug|x64.ActiveCfg = Debug|Any CPU
		{636699A0-51E8-4251-9BB9-9B1A7C445063}.Debug|x64.Build.0 = Debug|Any CPU
		{636699A0-51E8-4251-9BB9-9B1A7C445063}.Debug|x86.ActiveCfg = Debug|Any CPU
		{636699A0-51E8-4251-9BB9-9B1A7C445063}.Debug|x86.Build.0 = Debug|Any CPU
		{636699A0-51E8-4251-9BB9-9B1A7C445063}.Release|Any CPU.ActiveCfg = Release|Any CPU
		{636699A0-51E8-4251-9BB9-9B1A7C445063}.Release|Any CPU.Build.0 = Release|Any CPU
		{636699A0-51E8-4251-9BB9-9B1A7C445063}.Release|ARM.ActiveCfg = Release|Any CPU
		{636699A0-51E8-4251-9BB9-9B1A7C445063}.Release|ARM.Build.0 = Release|Any CPU
		{636699A0-51E8-4251-9BB9-9B1A7C445063}.Release|iPhone.ActiveCfg = Release|Any CPU
		{636699A0-51E8-4251-9BB9-9B1A7C445063}.Release|iPhone.Build.0 = Release|Any CPU
		{636699A0-51E8-4251-9BB9-9B1A7C445063}.Release|iPhoneSimulator.ActiveCfg = Release|Any CPU
		{636699A0-51E8-4251-9BB9-9B1A7C445063}.Release|iPhoneSimulator.Build.0 = Release|Any CPU
		{636699A0-51E8-4251-9BB9-9B1A7C445063}.Release|x64.ActiveCfg = Release|Any CPU
		{636699A0-51E8-4251-9BB9-9B1A7C445063}.Release|x64.Build.0 = Release|Any CPU
		{636699A0-51E8-4251-9BB9-9B1A7C445063}.Release|x86.ActiveCfg = Release|Any CPU
		{636699A0-51E8-4251-9BB9-9B1A7C445063}.Release|x86.Build.0 = Release|Any CPU
		{DD2602CA-756B-4205-B866-3268AF4EC71A}.Debug|Any CPU.ActiveCfg = Debug|Any CPU
		{DD2602CA-756B-4205-B866-3268AF4EC71A}.Debug|Any CPU.Build.0 = Debug|Any CPU
		{DD2602CA-756B-4205-B866-3268AF4EC71A}.Debug|ARM.ActiveCfg = Debug|Any CPU
		{DD2602CA-756B-4205-B866-3268AF4EC71A}.Debug|ARM.Build.0 = Debug|Any CPU
		{DD2602CA-756B-4205-B866-3268AF4EC71A}.Debug|iPhone.ActiveCfg = Debug|Any CPU
		{DD2602CA-756B-4205-B866-3268AF4EC71A}.Debug|iPhone.Build.0 = Debug|Any CPU
		{DD2602CA-756B-4205-B866-3268AF4EC71A}.Debug|iPhoneSimulator.ActiveCfg = Debug|Any CPU
		{DD2602CA-756B-4205-B866-3268AF4EC71A}.Debug|iPhoneSimulator.Build.0 = Debug|Any CPU
		{DD2602CA-756B-4205-B866-3268AF4EC71A}.Debug|x64.ActiveCfg = Debug|Any CPU
		{DD2602CA-756B-4205-B866-3268AF4EC71A}.Debug|x64.Build.0 = Debug|Any CPU
		{DD2602CA-756B-4205-B866-3268AF4EC71A}.Debug|x86.ActiveCfg = Debug|Any CPU
		{DD2602CA-756B-4205-B866-3268AF4EC71A}.Debug|x86.Build.0 = Debug|Any CPU
		{DD2602CA-756B-4205-B866-3268AF4EC71A}.Release|Any CPU.ActiveCfg = Release|Any CPU
		{DD2602CA-756B-4205-B866-3268AF4EC71A}.Release|Any CPU.Build.0 = Release|Any CPU
		{DD2602CA-756B-4205-B866-3268AF4EC71A}.Release|ARM.ActiveCfg = Release|Any CPU
		{DD2602CA-756B-4205-B866-3268AF4EC71A}.Release|ARM.Build.0 = Release|Any CPU
		{DD2602CA-756B-4205-B866-3268AF4EC71A}.Release|iPhone.ActiveCfg = Release|Any CPU
		{DD2602CA-756B-4205-B866-3268AF4EC71A}.Release|iPhone.Build.0 = Release|Any CPU
		{DD2602CA-756B-4205-B866-3268AF4EC71A}.Release|iPhoneSimulator.ActiveCfg = Release|Any CPU
		{DD2602CA-756B-4205-B866-3268AF4EC71A}.Release|iPhoneSimulator.Build.0 = Release|Any CPU
		{DD2602CA-756B-4205-B866-3268AF4EC71A}.Release|x64.ActiveCfg = Release|Any CPU
		{DD2602CA-756B-4205-B866-3268AF4EC71A}.Release|x64.Build.0 = Release|Any CPU
		{DD2602CA-756B-4205-B866-3268AF4EC71A}.Release|x86.ActiveCfg = Release|Any CPU
		{DD2602CA-756B-4205-B866-3268AF4EC71A}.Release|x86.Build.0 = Release|Any CPU
		{8CF5CCA4-6114-4F55-86BA-857D4E278FF3}.Debug|Any CPU.ActiveCfg = Debug|Any CPU
		{8CF5CCA4-6114-4F55-86BA-857D4E278FF3}.Debug|Any CPU.Build.0 = Debug|Any CPU
		{8CF5CCA4-6114-4F55-86BA-857D4E278FF3}.Debug|ARM.ActiveCfg = Debug|Any CPU
		{8CF5CCA4-6114-4F55-86BA-857D4E278FF3}.Debug|ARM.Build.0 = Debug|Any CPU
		{8CF5CCA4-6114-4F55-86BA-857D4E278FF3}.Debug|iPhone.ActiveCfg = Debug|Any CPU
		{8CF5CCA4-6114-4F55-86BA-857D4E278FF3}.Debug|iPhone.Build.0 = Debug|Any CPU
		{8CF5CCA4-6114-4F55-86BA-857D4E278FF3}.Debug|iPhoneSimulator.ActiveCfg = Debug|Any CPU
		{8CF5CCA4-6114-4F55-86BA-857D4E278FF3}.Debug|iPhoneSimulator.Build.0 = Debug|Any CPU
		{8CF5CCA4-6114-4F55-86BA-857D4E278FF3}.Debug|x64.ActiveCfg = Debug|Any CPU
		{8CF5CCA4-6114-4F55-86BA-857D4E278FF3}.Debug|x64.Build.0 = Debug|Any CPU
		{8CF5CCA4-6114-4F55-86BA-857D4E278FF3}.Debug|x86.ActiveCfg = Debug|Any CPU
		{8CF5CCA4-6114-4F55-86BA-857D4E278FF3}.Debug|x86.Build.0 = Debug|Any CPU
		{8CF5CCA4-6114-4F55-86BA-857D4E278FF3}.Release|Any CPU.ActiveCfg = Release|Any CPU
		{8CF5CCA4-6114-4F55-86BA-857D4E278FF3}.Release|Any CPU.Build.0 = Release|Any CPU
		{8CF5CCA4-6114-4F55-86BA-857D4E278FF3}.Release|ARM.ActiveCfg = Release|Any CPU
		{8CF5CCA4-6114-4F55-86BA-857D4E278FF3}.Release|ARM.Build.0 = Release|Any CPU
		{8CF5CCA4-6114-4F55-86BA-857D4E278FF3}.Release|iPhone.ActiveCfg = Release|Any CPU
		{8CF5CCA4-6114-4F55-86BA-857D4E278FF3}.Release|iPhone.Build.0 = Release|Any CPU
		{8CF5CCA4-6114-4F55-86BA-857D4E278FF3}.Release|iPhoneSimulator.ActiveCfg = Release|Any CPU
		{8CF5CCA4-6114-4F55-86BA-857D4E278FF3}.Release|iPhoneSimulator.Build.0 = Release|Any CPU
		{8CF5CCA4-6114-4F55-86BA-857D4E278FF3}.Release|x64.ActiveCfg = Release|Any CPU
		{8CF5CCA4-6114-4F55-86BA-857D4E278FF3}.Release|x64.Build.0 = Release|Any CPU
		{8CF5CCA4-6114-4F55-86BA-857D4E278FF3}.Release|x86.ActiveCfg = Release|Any CPU
		{8CF5CCA4-6114-4F55-86BA-857D4E278FF3}.Release|x86.Build.0 = Release|Any CPU
		{42E31F7A-7244-40B9-9B36-58504E9A28C0}.Debug|Any CPU.ActiveCfg = Debug|Any CPU
		{42E31F7A-7244-40B9-9B36-58504E9A28C0}.Debug|Any CPU.Build.0 = Debug|Any CPU
		{42E31F7A-7244-40B9-9B36-58504E9A28C0}.Debug|ARM.ActiveCfg = Debug|Any CPU
		{42E31F7A-7244-40B9-9B36-58504E9A28C0}.Debug|ARM.Build.0 = Debug|Any CPU
		{42E31F7A-7244-40B9-9B36-58504E9A28C0}.Debug|iPhone.ActiveCfg = Debug|Any CPU
		{42E31F7A-7244-40B9-9B36-58504E9A28C0}.Debug|iPhone.Build.0 = Debug|Any CPU
		{42E31F7A-7244-40B9-9B36-58504E9A28C0}.Debug|iPhoneSimulator.ActiveCfg = Debug|Any CPU
		{42E31F7A-7244-40B9-9B36-58504E9A28C0}.Debug|iPhoneSimulator.Build.0 = Debug|Any CPU
		{42E31F7A-7244-40B9-9B36-58504E9A28C0}.Debug|x64.ActiveCfg = Debug|Any CPU
		{42E31F7A-7244-40B9-9B36-58504E9A28C0}.Debug|x64.Build.0 = Debug|Any CPU
		{42E31F7A-7244-40B9-9B36-58504E9A28C0}.Debug|x86.ActiveCfg = Debug|Any CPU
		{42E31F7A-7244-40B9-9B36-58504E9A28C0}.Debug|x86.Build.0 = Debug|Any CPU
		{42E31F7A-7244-40B9-9B36-58504E9A28C0}.Release|Any CPU.ActiveCfg = Release|Any CPU
		{42E31F7A-7244-40B9-9B36-58504E9A28C0}.Release|Any CPU.Build.0 = Release|Any CPU
		{42E31F7A-7244-40B9-9B36-58504E9A28C0}.Release|ARM.ActiveCfg = Release|Any CPU
		{42E31F7A-7244-40B9-9B36-58504E9A28C0}.Release|ARM.Build.0 = Release|Any CPU
		{42E31F7A-7244-40B9-9B36-58504E9A28C0}.Release|iPhone.ActiveCfg = Release|Any CPU
		{42E31F7A-7244-40B9-9B36-58504E9A28C0}.Release|iPhone.Build.0 = Release|Any CPU
		{42E31F7A-7244-40B9-9B36-58504E9A28C0}.Release|iPhoneSimulator.ActiveCfg = Release|Any CPU
		{42E31F7A-7244-40B9-9B36-58504E9A28C0}.Release|iPhoneSimulator.Build.0 = Release|Any CPU
		{42E31F7A-7244-40B9-9B36-58504E9A28C0}.Release|x64.ActiveCfg = Release|Any CPU
		{42E31F7A-7244-40B9-9B36-58504E9A28C0}.Release|x64.Build.0 = Release|Any CPU
		{42E31F7A-7244-40B9-9B36-58504E9A28C0}.Release|x86.ActiveCfg = Release|Any CPU
		{42E31F7A-7244-40B9-9B36-58504E9A28C0}.Release|x86.Build.0 = Release|Any CPU
		{9629ACA1-D179-48B0-A9D5-E2000C1E5248}.Debug|Any CPU.ActiveCfg = Debug|Any CPU
		{9629ACA1-D179-48B0-A9D5-E2000C1E5248}.Debug|Any CPU.Build.0 = Debug|Any CPU
		{9629ACA1-D179-48B0-A9D5-E2000C1E5248}.Debug|ARM.ActiveCfg = Debug|Any CPU
		{9629ACA1-D179-48B0-A9D5-E2000C1E5248}.Debug|ARM.Build.0 = Debug|Any CPU
		{9629ACA1-D179-48B0-A9D5-E2000C1E5248}.Debug|iPhone.ActiveCfg = Debug|Any CPU
		{9629ACA1-D179-48B0-A9D5-E2000C1E5248}.Debug|iPhone.Build.0 = Debug|Any CPU
		{9629ACA1-D179-48B0-A9D5-E2000C1E5248}.Debug|iPhoneSimulator.ActiveCfg = Debug|Any CPU
		{9629ACA1-D179-48B0-A9D5-E2000C1E5248}.Debug|iPhoneSimulator.Build.0 = Debug|Any CPU
		{9629ACA1-D179-48B0-A9D5-E2000C1E5248}.Debug|x64.ActiveCfg = Debug|Any CPU
		{9629ACA1-D179-48B0-A9D5-E2000C1E5248}.Debug|x64.Build.0 = Debug|Any CPU
		{9629ACA1-D179-48B0-A9D5-E2000C1E5248}.Debug|x86.ActiveCfg = Debug|Any CPU
		{9629ACA1-D179-48B0-A9D5-E2000C1E5248}.Debug|x86.Build.0 = Debug|Any CPU
		{9629ACA1-D179-48B0-A9D5-E2000C1E5248}.Release|Any CPU.ActiveCfg = Release|Any CPU
		{9629ACA1-D179-48B0-A9D5-E2000C1E5248}.Release|Any CPU.Build.0 = Release|Any CPU
		{9629ACA1-D179-48B0-A9D5-E2000C1E5248}.Release|ARM.ActiveCfg = Release|Any CPU
		{9629ACA1-D179-48B0-A9D5-E2000C1E5248}.Release|ARM.Build.0 = Release|Any CPU
		{9629ACA1-D179-48B0-A9D5-E2000C1E5248}.Release|iPhone.ActiveCfg = Release|Any CPU
		{9629ACA1-D179-48B0-A9D5-E2000C1E5248}.Release|iPhone.Build.0 = Release|Any CPU
		{9629ACA1-D179-48B0-A9D5-E2000C1E5248}.Release|iPhoneSimulator.ActiveCfg = Release|Any CPU
		{9629ACA1-D179-48B0-A9D5-E2000C1E5248}.Release|iPhoneSimulator.Build.0 = Release|Any CPU
		{9629ACA1-D179-48B0-A9D5-E2000C1E5248}.Release|x64.ActiveCfg = Release|Any CPU
		{9629ACA1-D179-48B0-A9D5-E2000C1E5248}.Release|x64.Build.0 = Release|Any CPU
		{9629ACA1-D179-48B0-A9D5-E2000C1E5248}.Release|x86.ActiveCfg = Release|Any CPU
		{9629ACA1-D179-48B0-A9D5-E2000C1E5248}.Release|x86.Build.0 = Release|Any CPU
		{08900573-9B9F-4078-8E9C-9651890D3859}.Debug|Any CPU.ActiveCfg = Debug|Any CPU
		{08900573-9B9F-4078-8E9C-9651890D3859}.Debug|Any CPU.Build.0 = Debug|Any CPU
		{08900573-9B9F-4078-8E9C-9651890D3859}.Debug|ARM.ActiveCfg = Debug|Any CPU
		{08900573-9B9F-4078-8E9C-9651890D3859}.Debug|ARM.Build.0 = Debug|Any CPU
		{08900573-9B9F-4078-8E9C-9651890D3859}.Debug|iPhone.ActiveCfg = Debug|Any CPU
		{08900573-9B9F-4078-8E9C-9651890D3859}.Debug|iPhone.Build.0 = Debug|Any CPU
		{08900573-9B9F-4078-8E9C-9651890D3859}.Debug|iPhoneSimulator.ActiveCfg = Debug|Any CPU
		{08900573-9B9F-4078-8E9C-9651890D3859}.Debug|iPhoneSimulator.Build.0 = Debug|Any CPU
		{08900573-9B9F-4078-8E9C-9651890D3859}.Debug|x64.ActiveCfg = Debug|Any CPU
		{08900573-9B9F-4078-8E9C-9651890D3859}.Debug|x64.Build.0 = Debug|Any CPU
		{08900573-9B9F-4078-8E9C-9651890D3859}.Debug|x86.ActiveCfg = Debug|Any CPU
		{08900573-9B9F-4078-8E9C-9651890D3859}.Debug|x86.Build.0 = Debug|Any CPU
		{08900573-9B9F-4078-8E9C-9651890D3859}.Release|Any CPU.ActiveCfg = Release|Any CPU
		{08900573-9B9F-4078-8E9C-9651890D3859}.Release|Any CPU.Build.0 = Release|Any CPU
		{08900573-9B9F-4078-8E9C-9651890D3859}.Release|ARM.ActiveCfg = Release|Any CPU
		{08900573-9B9F-4078-8E9C-9651890D3859}.Release|ARM.Build.0 = Release|Any CPU
		{08900573-9B9F-4078-8E9C-9651890D3859}.Release|iPhone.ActiveCfg = Release|Any CPU
		{08900573-9B9F-4078-8E9C-9651890D3859}.Release|iPhone.Build.0 = Release|Any CPU
		{08900573-9B9F-4078-8E9C-9651890D3859}.Release|iPhoneSimulator.ActiveCfg = Release|Any CPU
		{08900573-9B9F-4078-8E9C-9651890D3859}.Release|iPhoneSimulator.Build.0 = Release|Any CPU
		{08900573-9B9F-4078-8E9C-9651890D3859}.Release|x64.ActiveCfg = Release|Any CPU
		{08900573-9B9F-4078-8E9C-9651890D3859}.Release|x64.Build.0 = Release|Any CPU
		{08900573-9B9F-4078-8E9C-9651890D3859}.Release|x86.ActiveCfg = Release|Any CPU
		{08900573-9B9F-4078-8E9C-9651890D3859}.Release|x86.Build.0 = Release|Any CPU
		{F79109CD-D17E-4D36-A1C8-577797D429C9}.Debug|Any CPU.ActiveCfg = Debug|Any CPU
		{F79109CD-D17E-4D36-A1C8-577797D429C9}.Debug|Any CPU.Build.0 = Debug|Any CPU
		{F79109CD-D17E-4D36-A1C8-577797D429C9}.Debug|ARM.ActiveCfg = Debug|Any CPU
		{F79109CD-D17E-4D36-A1C8-577797D429C9}.Debug|ARM.Build.0 = Debug|Any CPU
		{F79109CD-D17E-4D36-A1C8-577797D429C9}.Debug|iPhone.ActiveCfg = Debug|Any CPU
		{F79109CD-D17E-4D36-A1C8-577797D429C9}.Debug|iPhone.Build.0 = Debug|Any CPU
		{F79109CD-D17E-4D36-A1C8-577797D429C9}.Debug|iPhoneSimulator.ActiveCfg = Debug|Any CPU
		{F79109CD-D17E-4D36-A1C8-577797D429C9}.Debug|iPhoneSimulator.Build.0 = Debug|Any CPU
		{F79109CD-D17E-4D36-A1C8-577797D429C9}.Debug|x64.ActiveCfg = Debug|Any CPU
		{F79109CD-D17E-4D36-A1C8-577797D429C9}.Debug|x64.Build.0 = Debug|Any CPU
		{F79109CD-D17E-4D36-A1C8-577797D429C9}.Debug|x86.ActiveCfg = Debug|Any CPU
		{F79109CD-D17E-4D36-A1C8-577797D429C9}.Debug|x86.Build.0 = Debug|Any CPU
		{F79109CD-D17E-4D36-A1C8-577797D429C9}.Release|Any CPU.ActiveCfg = Release|Any CPU
		{F79109CD-D17E-4D36-A1C8-577797D429C9}.Release|Any CPU.Build.0 = Release|Any CPU
		{F79109CD-D17E-4D36-A1C8-577797D429C9}.Release|ARM.ActiveCfg = Release|Any CPU
		{F79109CD-D17E-4D36-A1C8-577797D429C9}.Release|ARM.Build.0 = Release|Any CPU
		{F79109CD-D17E-4D36-A1C8-577797D429C9}.Release|iPhone.ActiveCfg = Release|Any CPU
		{F79109CD-D17E-4D36-A1C8-577797D429C9}.Release|iPhone.Build.0 = Release|Any CPU
		{F79109CD-D17E-4D36-A1C8-577797D429C9}.Release|iPhoneSimulator.ActiveCfg = Release|Any CPU
		{F79109CD-D17E-4D36-A1C8-577797D429C9}.Release|iPhoneSimulator.Build.0 = Release|Any CPU
		{F79109CD-D17E-4D36-A1C8-577797D429C9}.Release|x64.ActiveCfg = Release|Any CPU
		{F79109CD-D17E-4D36-A1C8-577797D429C9}.Release|x64.Build.0 = Release|Any CPU
		{F79109CD-D17E-4D36-A1C8-577797D429C9}.Release|x86.ActiveCfg = Release|Any CPU
		{F79109CD-D17E-4D36-A1C8-577797D429C9}.Release|x86.Build.0 = Release|Any CPU
		{C29948DD-FCB1-45AB-9721-6EE9B9843EF8}.Debug|Any CPU.ActiveCfg = Debug|Any CPU
		{C29948DD-FCB1-45AB-9721-6EE9B9843EF8}.Debug|Any CPU.Build.0 = Debug|Any CPU
		{C29948DD-FCB1-45AB-9721-6EE9B9843EF8}.Debug|ARM.ActiveCfg = Debug|Any CPU
		{C29948DD-FCB1-45AB-9721-6EE9B9843EF8}.Debug|ARM.Build.0 = Debug|Any CPU
		{C29948DD-FCB1-45AB-9721-6EE9B9843EF8}.Debug|iPhone.ActiveCfg = Debug|Any CPU
		{C29948DD-FCB1-45AB-9721-6EE9B9843EF8}.Debug|iPhone.Build.0 = Debug|Any CPU
		{C29948DD-FCB1-45AB-9721-6EE9B9843EF8}.Debug|iPhoneSimulator.ActiveCfg = Debug|Any CPU
		{C29948DD-FCB1-45AB-9721-6EE9B9843EF8}.Debug|iPhoneSimulator.Build.0 = Debug|Any CPU
		{C29948DD-FCB1-45AB-9721-6EE9B9843EF8}.Debug|x64.ActiveCfg = Debug|Any CPU
		{C29948DD-FCB1-45AB-9721-6EE9B9843EF8}.Debug|x64.Build.0 = Debug|Any CPU
		{C29948DD-FCB1-45AB-9721-6EE9B9843EF8}.Debug|x86.ActiveCfg = Debug|Any CPU
		{C29948DD-FCB1-45AB-9721-6EE9B9843EF8}.Debug|x86.Build.0 = Debug|Any CPU
		{C29948DD-FCB1-45AB-9721-6EE9B9843EF8}.Release|Any CPU.ActiveCfg = Release|Any CPU
		{C29948DD-FCB1-45AB-9721-6EE9B9843EF8}.Release|Any CPU.Build.0 = Release|Any CPU
		{C29948DD-FCB1-45AB-9721-6EE9B9843EF8}.Release|ARM.ActiveCfg = Release|Any CPU
		{C29948DD-FCB1-45AB-9721-6EE9B9843EF8}.Release|ARM.Build.0 = Release|Any CPU
		{C29948DD-FCB1-45AB-9721-6EE9B9843EF8}.Release|iPhone.ActiveCfg = Release|Any CPU
		{C29948DD-FCB1-45AB-9721-6EE9B9843EF8}.Release|iPhone.Build.0 = Release|Any CPU
		{C29948DD-FCB1-45AB-9721-6EE9B9843EF8}.Release|iPhoneSimulator.ActiveCfg = Release|Any CPU
		{C29948DD-FCB1-45AB-9721-6EE9B9843EF8}.Release|iPhoneSimulator.Build.0 = Release|Any CPU
		{C29948DD-FCB1-45AB-9721-6EE9B9843EF8}.Release|x64.ActiveCfg = Release|Any CPU
		{C29948DD-FCB1-45AB-9721-6EE9B9843EF8}.Release|x64.Build.0 = Release|Any CPU
		{C29948DD-FCB1-45AB-9721-6EE9B9843EF8}.Release|x86.ActiveCfg = Release|Any CPU
		{C29948DD-FCB1-45AB-9721-6EE9B9843EF8}.Release|x86.Build.0 = Release|Any CPU
		{97FEB10F-62D9-41ED-844C-8B56679CCD66}.Debug|Any CPU.ActiveCfg = Debug|Any CPU
		{97FEB10F-62D9-41ED-844C-8B56679CCD66}.Debug|Any CPU.Build.0 = Debug|Any CPU
		{97FEB10F-62D9-41ED-844C-8B56679CCD66}.Debug|ARM.ActiveCfg = Debug|Any CPU
		{97FEB10F-62D9-41ED-844C-8B56679CCD66}.Debug|ARM.Build.0 = Debug|Any CPU
		{97FEB10F-62D9-41ED-844C-8B56679CCD66}.Debug|iPhone.ActiveCfg = Debug|Any CPU
		{97FEB10F-62D9-41ED-844C-8B56679CCD66}.Debug|iPhone.Build.0 = Debug|Any CPU
		{97FEB10F-62D9-41ED-844C-8B56679CCD66}.Debug|iPhoneSimulator.ActiveCfg = Debug|Any CPU
		{97FEB10F-62D9-41ED-844C-8B56679CCD66}.Debug|iPhoneSimulator.Build.0 = Debug|Any CPU
		{97FEB10F-62D9-41ED-844C-8B56679CCD66}.Debug|x64.ActiveCfg = Debug|Any CPU
		{97FEB10F-62D9-41ED-844C-8B56679CCD66}.Debug|x64.Build.0 = Debug|Any CPU
		{97FEB10F-62D9-41ED-844C-8B56679CCD66}.Debug|x86.ActiveCfg = Debug|Any CPU
		{97FEB10F-62D9-41ED-844C-8B56679CCD66}.Debug|x86.Build.0 = Debug|Any CPU
		{97FEB10F-62D9-41ED-844C-8B56679CCD66}.Release|Any CPU.ActiveCfg = Release|Any CPU
		{97FEB10F-62D9-41ED-844C-8B56679CCD66}.Release|Any CPU.Build.0 = Release|Any CPU
		{97FEB10F-62D9-41ED-844C-8B56679CCD66}.Release|ARM.ActiveCfg = Release|Any CPU
		{97FEB10F-62D9-41ED-844C-8B56679CCD66}.Release|ARM.Build.0 = Release|Any CPU
		{97FEB10F-62D9-41ED-844C-8B56679CCD66}.Release|iPhone.ActiveCfg = Release|Any CPU
		{97FEB10F-62D9-41ED-844C-8B56679CCD66}.Release|iPhone.Build.0 = Release|Any CPU
		{97FEB10F-62D9-41ED-844C-8B56679CCD66}.Release|iPhoneSimulator.ActiveCfg = Release|Any CPU
		{97FEB10F-62D9-41ED-844C-8B56679CCD66}.Release|iPhoneSimulator.Build.0 = Release|Any CPU
		{97FEB10F-62D9-41ED-844C-8B56679CCD66}.Release|x64.ActiveCfg = Release|Any CPU
		{97FEB10F-62D9-41ED-844C-8B56679CCD66}.Release|x64.Build.0 = Release|Any CPU
		{97FEB10F-62D9-41ED-844C-8B56679CCD66}.Release|x86.ActiveCfg = Release|Any CPU
		{97FEB10F-62D9-41ED-844C-8B56679CCD66}.Release|x86.Build.0 = Release|Any CPU
		{E6BC2708-5E93-473E-9009-F9F9B747E212}.Debug|Any CPU.ActiveCfg = Debug|Any CPU
		{E6BC2708-5E93-473E-9009-F9F9B747E212}.Debug|Any CPU.Build.0 = Debug|Any CPU
		{E6BC2708-5E93-473E-9009-F9F9B747E212}.Debug|ARM.ActiveCfg = Debug|Any CPU
		{E6BC2708-5E93-473E-9009-F9F9B747E212}.Debug|ARM.Build.0 = Debug|Any CPU
		{E6BC2708-5E93-473E-9009-F9F9B747E212}.Debug|iPhone.ActiveCfg = Debug|Any CPU
		{E6BC2708-5E93-473E-9009-F9F9B747E212}.Debug|iPhone.Build.0 = Debug|Any CPU
		{E6BC2708-5E93-473E-9009-F9F9B747E212}.Debug|iPhoneSimulator.ActiveCfg = Debug|Any CPU
		{E6BC2708-5E93-473E-9009-F9F9B747E212}.Debug|iPhoneSimulator.Build.0 = Debug|Any CPU
		{E6BC2708-5E93-473E-9009-F9F9B747E212}.Debug|x64.ActiveCfg = Debug|Any CPU
		{E6BC2708-5E93-473E-9009-F9F9B747E212}.Debug|x64.Build.0 = Debug|Any CPU
		{E6BC2708-5E93-473E-9009-F9F9B747E212}.Debug|x86.ActiveCfg = Debug|Any CPU
		{E6BC2708-5E93-473E-9009-F9F9B747E212}.Debug|x86.Build.0 = Debug|Any CPU
		{E6BC2708-5E93-473E-9009-F9F9B747E212}.Release|Any CPU.ActiveCfg = Release|Any CPU
		{E6BC2708-5E93-473E-9009-F9F9B747E212}.Release|Any CPU.Build.0 = Release|Any CPU
		{E6BC2708-5E93-473E-9009-F9F9B747E212}.Release|ARM.ActiveCfg = Release|Any CPU
		{E6BC2708-5E93-473E-9009-F9F9B747E212}.Release|ARM.Build.0 = Release|Any CPU
		{E6BC2708-5E93-473E-9009-F9F9B747E212}.Release|iPhone.ActiveCfg = Release|Any CPU
		{E6BC2708-5E93-473E-9009-F9F9B747E212}.Release|iPhone.Build.0 = Release|Any CPU
		{E6BC2708-5E93-473E-9009-F9F9B747E212}.Release|iPhoneSimulator.ActiveCfg = Release|Any CPU
		{E6BC2708-5E93-473E-9009-F9F9B747E212}.Release|iPhoneSimulator.Build.0 = Release|Any CPU
		{E6BC2708-5E93-473E-9009-F9F9B747E212}.Release|x64.ActiveCfg = Release|Any CPU
		{E6BC2708-5E93-473E-9009-F9F9B747E212}.Release|x64.Build.0 = Release|Any CPU
		{E6BC2708-5E93-473E-9009-F9F9B747E212}.Release|x86.ActiveCfg = Release|Any CPU
		{E6BC2708-5E93-473E-9009-F9F9B747E212}.Release|x86.Build.0 = Release|Any CPU
		{F684D687-7A19-44EF-9193-9BE3EE70BE2F}.Debug|Any CPU.ActiveCfg = Debug|Any CPU
		{F684D687-7A19-44EF-9193-9BE3EE70BE2F}.Debug|Any CPU.Build.0 = Debug|Any CPU
		{F684D687-7A19-44EF-9193-9BE3EE70BE2F}.Debug|ARM.ActiveCfg = Debug|Any CPU
		{F684D687-7A19-44EF-9193-9BE3EE70BE2F}.Debug|ARM.Build.0 = Debug|Any CPU
		{F684D687-7A19-44EF-9193-9BE3EE70BE2F}.Debug|iPhone.ActiveCfg = Debug|Any CPU
		{F684D687-7A19-44EF-9193-9BE3EE70BE2F}.Debug|iPhone.Build.0 = Debug|Any CPU
		{F684D687-7A19-44EF-9193-9BE3EE70BE2F}.Debug|iPhoneSimulator.ActiveCfg = Debug|Any CPU
		{F684D687-7A19-44EF-9193-9BE3EE70BE2F}.Debug|iPhoneSimulator.Build.0 = Debug|Any CPU
		{F684D687-7A19-44EF-9193-9BE3EE70BE2F}.Debug|x64.ActiveCfg = Debug|Any CPU
		{F684D687-7A19-44EF-9193-9BE3EE70BE2F}.Debug|x64.Build.0 = Debug|Any CPU
		{F684D687-7A19-44EF-9193-9BE3EE70BE2F}.Debug|x86.ActiveCfg = Debug|Any CPU
		{F684D687-7A19-44EF-9193-9BE3EE70BE2F}.Debug|x86.Build.0 = Debug|Any CPU
		{F684D687-7A19-44EF-9193-9BE3EE70BE2F}.Release|Any CPU.ActiveCfg = Release|Any CPU
		{F684D687-7A19-44EF-9193-9BE3EE70BE2F}.Release|Any CPU.Build.0 = Release|Any CPU
		{F684D687-7A19-44EF-9193-9BE3EE70BE2F}.Release|ARM.ActiveCfg = Release|Any CPU
		{F684D687-7A19-44EF-9193-9BE3EE70BE2F}.Release|ARM.Build.0 = Release|Any CPU
		{F684D687-7A19-44EF-9193-9BE3EE70BE2F}.Release|iPhone.ActiveCfg = Release|Any CPU
		{F684D687-7A19-44EF-9193-9BE3EE70BE2F}.Release|iPhone.Build.0 = Release|Any CPU
		{F684D687-7A19-44EF-9193-9BE3EE70BE2F}.Release|iPhoneSimulator.ActiveCfg = Release|Any CPU
		{F684D687-7A19-44EF-9193-9BE3EE70BE2F}.Release|iPhoneSimulator.Build.0 = Release|Any CPU
		{F684D687-7A19-44EF-9193-9BE3EE70BE2F}.Release|x64.ActiveCfg = Release|Any CPU
		{F684D687-7A19-44EF-9193-9BE3EE70BE2F}.Release|x64.Build.0 = Release|Any CPU
		{F684D687-7A19-44EF-9193-9BE3EE70BE2F}.Release|x86.ActiveCfg = Release|Any CPU
		{F684D687-7A19-44EF-9193-9BE3EE70BE2F}.Release|x86.Build.0 = Release|Any CPU
		{676ABE28-3C24-46E8-83CE-60263846E30E}.Debug|Any CPU.ActiveCfg = Debug|Any CPU
		{676ABE28-3C24-46E8-83CE-60263846E30E}.Debug|Any CPU.Build.0 = Debug|Any CPU
		{676ABE28-3C24-46E8-83CE-60263846E30E}.Debug|ARM.ActiveCfg = Debug|Any CPU
		{676ABE28-3C24-46E8-83CE-60263846E30E}.Debug|ARM.Build.0 = Debug|Any CPU
		{676ABE28-3C24-46E8-83CE-60263846E30E}.Debug|iPhone.ActiveCfg = Debug|Any CPU
		{676ABE28-3C24-46E8-83CE-60263846E30E}.Debug|iPhone.Build.0 = Debug|Any CPU
		{676ABE28-3C24-46E8-83CE-60263846E30E}.Debug|iPhoneSimulator.ActiveCfg = Debug|Any CPU
		{676ABE28-3C24-46E8-83CE-60263846E30E}.Debug|iPhoneSimulator.Build.0 = Debug|Any CPU
		{676ABE28-3C24-46E8-83CE-60263846E30E}.Debug|x64.ActiveCfg = Debug|Any CPU
		{676ABE28-3C24-46E8-83CE-60263846E30E}.Debug|x64.Build.0 = Debug|Any CPU
		{676ABE28-3C24-46E8-83CE-60263846E30E}.Debug|x86.ActiveCfg = Debug|Any CPU
		{676ABE28-3C24-46E8-83CE-60263846E30E}.Debug|x86.Build.0 = Debug|Any CPU
		{676ABE28-3C24-46E8-83CE-60263846E30E}.Release|Any CPU.ActiveCfg = Release|Any CPU
		{676ABE28-3C24-46E8-83CE-60263846E30E}.Release|Any CPU.Build.0 = Release|Any CPU
		{676ABE28-3C24-46E8-83CE-60263846E30E}.Release|ARM.ActiveCfg = Release|Any CPU
		{676ABE28-3C24-46E8-83CE-60263846E30E}.Release|ARM.Build.0 = Release|Any CPU
		{676ABE28-3C24-46E8-83CE-60263846E30E}.Release|iPhone.ActiveCfg = Release|Any CPU
		{676ABE28-3C24-46E8-83CE-60263846E30E}.Release|iPhone.Build.0 = Release|Any CPU
		{676ABE28-3C24-46E8-83CE-60263846E30E}.Release|iPhoneSimulator.ActiveCfg = Release|Any CPU
		{676ABE28-3C24-46E8-83CE-60263846E30E}.Release|iPhoneSimulator.Build.0 = Release|Any CPU
		{676ABE28-3C24-46E8-83CE-60263846E30E}.Release|x64.ActiveCfg = Release|Any CPU
		{676ABE28-3C24-46E8-83CE-60263846E30E}.Release|x64.Build.0 = Release|Any CPU
		{676ABE28-3C24-46E8-83CE-60263846E30E}.Release|x86.ActiveCfg = Release|Any CPU
		{676ABE28-3C24-46E8-83CE-60263846E30E}.Release|x86.Build.0 = Release|Any CPU
		{EAACC27C-7FA0-47A4-9F58-BEE1D02EB45F}.Debug|Any CPU.ActiveCfg = Debug|Any CPU
		{EAACC27C-7FA0-47A4-9F58-BEE1D02EB45F}.Debug|Any CPU.Build.0 = Debug|Any CPU
		{EAACC27C-7FA0-47A4-9F58-BEE1D02EB45F}.Debug|ARM.ActiveCfg = Debug|Any CPU
		{EAACC27C-7FA0-47A4-9F58-BEE1D02EB45F}.Debug|ARM.Build.0 = Debug|Any CPU
		{EAACC27C-7FA0-47A4-9F58-BEE1D02EB45F}.Debug|iPhone.ActiveCfg = Debug|Any CPU
		{EAACC27C-7FA0-47A4-9F58-BEE1D02EB45F}.Debug|iPhone.Build.0 = Debug|Any CPU
		{EAACC27C-7FA0-47A4-9F58-BEE1D02EB45F}.Debug|iPhoneSimulator.ActiveCfg = Debug|Any CPU
		{EAACC27C-7FA0-47A4-9F58-BEE1D02EB45F}.Debug|iPhoneSimulator.Build.0 = Debug|Any CPU
		{EAACC27C-7FA0-47A4-9F58-BEE1D02EB45F}.Debug|x64.ActiveCfg = Debug|Any CPU
		{EAACC27C-7FA0-47A4-9F58-BEE1D02EB45F}.Debug|x64.Build.0 = Debug|Any CPU
		{EAACC27C-7FA0-47A4-9F58-BEE1D02EB45F}.Debug|x86.ActiveCfg = Debug|Any CPU
		{EAACC27C-7FA0-47A4-9F58-BEE1D02EB45F}.Debug|x86.Build.0 = Debug|Any CPU
		{EAACC27C-7FA0-47A4-9F58-BEE1D02EB45F}.Release|Any CPU.ActiveCfg = Release|Any CPU
		{EAACC27C-7FA0-47A4-9F58-BEE1D02EB45F}.Release|Any CPU.Build.0 = Release|Any CPU
		{EAACC27C-7FA0-47A4-9F58-BEE1D02EB45F}.Release|ARM.ActiveCfg = Release|Any CPU
		{EAACC27C-7FA0-47A4-9F58-BEE1D02EB45F}.Release|ARM.Build.0 = Release|Any CPU
		{EAACC27C-7FA0-47A4-9F58-BEE1D02EB45F}.Release|iPhone.ActiveCfg = Release|Any CPU
		{EAACC27C-7FA0-47A4-9F58-BEE1D02EB45F}.Release|iPhone.Build.0 = Release|Any CPU
		{EAACC27C-7FA0-47A4-9F58-BEE1D02EB45F}.Release|iPhoneSimulator.ActiveCfg = Release|Any CPU
		{EAACC27C-7FA0-47A4-9F58-BEE1D02EB45F}.Release|iPhoneSimulator.Build.0 = Release|Any CPU
		{EAACC27C-7FA0-47A4-9F58-BEE1D02EB45F}.Release|x64.ActiveCfg = Release|Any CPU
		{EAACC27C-7FA0-47A4-9F58-BEE1D02EB45F}.Release|x64.Build.0 = Release|Any CPU
		{EAACC27C-7FA0-47A4-9F58-BEE1D02EB45F}.Release|x86.ActiveCfg = Release|Any CPU
		{EAACC27C-7FA0-47A4-9F58-BEE1D02EB45F}.Release|x86.Build.0 = Release|Any CPU
	EndGlobalSection
	GlobalSection(SolutionProperties) = preSolution
		HideSolutionNode = FALSE
	EndGlobalSection
	GlobalSection(ExtensibilityGlobals) = postSolution
		SolutionGuid = {0C84296E-80D2-4A53-87AD-3D1906544ABB}
	EndGlobalSection
EndGlobal
